
Microsoft Visual Studio Solution File, Format Version 12.00
# Visual Studio Version 17
VisualStudioVersion = 17.6.33723.286
MinimumVisualStudioVersion = 10.0.40219.1
Project("{FAE04EC0-301F-11D3-BF4B-00C04F79EFBC}") = "Psycho_info_app", "Psycho_info_app\Psycho_info_app.csproj", "{580B7A18-A4ED-41B0-8C37-8FE0CF304170}"
EndProject
Global
	GlobalSection(SolutionConfigurationPlatforms) = preSolution
		Debug|Any CPU = Debug|Any CPU
		Release|Any CPU = Release|Any CPU
	EndGlobalSection
	GlobalSection(ProjectConfigurationPlatforms) = postSolution
		{580B7A18-A4ED-41B0-8C37-8FE0CF304170}.Debug|Any CPU.ActiveCfg = Debug|Any CPU
		{580B7A18-A4ED-41B0-8C37-8FE0CF304170}.Debug|Any CPU.Build.0 = Debug|Any CPU
		{580B7A18-A4ED-41B0-8C37-8FE0CF304170}.Release|Any CPU.ActiveCfg = Release|Any CPU
		{580B7A18-A4ED-41B0-8C37-8FE0CF304170}.Release|Any CPU.Build.0 = Release|Any CPU
	EndGlobalSection
	GlobalSection(SolutionProperties) = preSolution
		HideSolutionNode = FALSE
	EndGlobalSection
	GlobalSection(ExtensibilityGlobals) = postSolution
		SolutionGuid = {CD85787B-6272-4062-BCEC-A8E7465E1D15}
	EndGlobalSection
EndGlobal
